
Microsoft Visual Studio Solution File, Format Version 12.00
# Visual Studio Version 17
VisualStudioVersion = 17.8.34322.80
MinimumVisualStudioVersion = 10.0.40219.1
Project("{9A19103F-16F7-4668-BE54-9A1E7A4F7556}") = "Game_PackMan", "Game_PackMan.csproj", "{3CD6574C-F3CE-4E39-9C30-18EA219092F8}"
EndProject
Global
	GlobalSection(SolutionConfigurationPlatforms) = preSolution
		Debug|Any CPU = Debug|Any CPU
		Release|Any CPU = Release|Any CPU
	EndGlobalSection
	GlobalSection(ProjectConfigurationPlatforms) = postSolution
		{3CD6574C-F3CE-4E39-9C30-18EA219092F8}.Debug|Any CPU.ActiveCfg = Debug|Any CPU
		{3CD6574C-F3CE-4E39-9C30-18EA219092F8}.Debug|Any CPU.Build.0 = Debug|Any CPU
		{3CD6574C-F3CE-4E39-9C30-18EA219092F8}.Release|Any CPU.ActiveCfg = Release|Any CPU
		{3CD6574C-F3CE-4E39-9C30-18EA219092F8}.Release|Any CPU.Build.0 = Release|Any CPU
	EndGlobalSection
	GlobalSection(SolutionProperties) = preSolution
		HideSolutionNode = FALSE
	EndGlobalSection
	GlobalSection(ExtensibilityGlobals) = postSolution
		SolutionGuid = {1D640290-936C-4ACA-A798-BC9C22CEA738}
	EndGlobalSection
EndGlobal
